
Microsoft Visual Studio Solution File, Format Version 12.00
# Visual Studio 2012
Project("{FAE04EC0-301F-11D3-BF4B-00C04F79EFBC}") = "PokerHandEvaluator.Portable.Tests", "Texas.Core.Portable.Tests\PokerHandEvaluator.Portable.Tests.csproj", "{91889DE8-50E7-4516-9E6F-884BED0E008B}"
EndProject
Project("{FAE04EC0-301F-11D3-BF4B-00C04F79EFBC}") = "PokerHandEvaluator.Portable", "Texas.Core.Portable\PokerHandEvaluator.Portable.csproj", "{7252F1D6-57D4-4B88-A8D0-FAE882EEE038}"
EndProject
Global
	GlobalSection(SolutionConfigurationPlatforms) = preSolution
		Debug|Any CPU = Debug|Any CPU
		Debug|ARM = Debug|ARM
		Debug|x64 = Debug|x64
		Debug|x86 = Debug|x86
		Release|Any CPU = Release|Any CPU
		Release|ARM = Release|ARM
		Release|x64 = Release|x64
		Release|x86 = Release|x86
	EndGlobalSection
	GlobalSection(ProjectConfigurationPlatforms) = postSolution
		{91889DE8-50E7-4516-9E6F-884BED0E008B}.Debug|Any CPU.ActiveCfg = Debug|Any CPU
		{91889DE8-50E7-4516-9E6F-884BED0E008B}.Debug|Any CPU.Build.0 = Debug|Any CPU
		{91889DE8-50E7-4516-9E6F-884BED0E008B}.Debug|ARM.ActiveCfg = Debug|Any CPU
		{91889DE8-50E7-4516-9E6F-884BED0E008B}.Debug|x64.ActiveCfg = Debug|Any CPU
		{91889DE8-50E7-4516-9E6F-884BED0E008B}.Debug|x86.ActiveCfg = Debug|Any CPU
		{91889DE8-50E7-4516-9E6F-884BED0E008B}.Release|Any CPU.ActiveCfg = Release|Any CPU
		{91889DE8-50E7-4516-9E6F-884BED0E008B}.Release|Any CPU.Build.0 = Release|Any CPU
		{91889DE8-50E7-4516-9E6F-884BED0E008B}.Release|ARM.ActiveCfg = Release|Any CPU
		{91889DE8-50E7-4516-9E6F-884BED0E008B}.Release|x64.ActiveCfg = Release|Any CPU
		{91889DE8-50E7-4516-9E6F-884BED0E008B}.Release|x86.ActiveCfg = Release|Any CPU
		{7252F1D6-57D4-4B88-A8D0-FAE882EEE038}.Debug|Any CPU.ActiveCfg = Debug|Any CPU
		{7252F1D6-57D4-4B88-A8D0-FAE882EEE038}.Debug|Any CPU.Build.0 = Debug|Any CPU
		{7252F1D6-57D4-4B88-A8D0-FAE882EEE038}.Debug|ARM.ActiveCfg = Debug|Any CPU
		{7252F1D6-57D4-4B88-A8D0-FAE882EEE038}.Debug|x64.ActiveCfg = Debug|Any CPU
		{7252F1D6-57D4-4B88-A8D0-FAE882EEE038}.Debug|x86.ActiveCfg = Debug|Any CPU
		{7252F1D6-57D4-4B88-A8D0-FAE882EEE038}.Release|Any CPU.ActiveCfg = Release|Any CPU
		{7252F1D6-57D4-4B88-A8D0-FAE882EEE038}.Release|Any CPU.Build.0 = Release|Any CPU
		{7252F1D6-57D4-4B88-A8D0-FAE882EEE038}.Release|ARM.ActiveCfg = Release|Any CPU
		{7252F1D6-57D4-4B88-A8D0-FAE882EEE038}.Release|x64.ActiveCfg = Release|Any CPU
		{7252F1D6-57D4-4B88-A8D0-FAE882EEE038}.Release|x86.ActiveCfg = Release|Any CPU
	EndGlobalSection
	GlobalSection(SolutionProperties) = preSolution
		HideSolutionNode = FALSE
	EndGlobalSection
EndGlobal
